{
  "name": "bdediteur",
  "lockfileVersion": 3,
  "requires": true,
  "packages": {
    "": {
      "name": "bdediteur",
      "devDependencies": {
        "pilote": "git+https://github.com/Hsbtqemy/pilote.git"
      }
    },
    "node_modules/pilote": {
      "version": "0.1.0",
      "resolved": "git+ssh://git@github.com/Hsbtqemy/pilote.git#addba285b9b03f799e95af4ac58d7fa058964a67",
      "dev": true,
      "license": "MIT",
      "bin": {
        "pilote": "journal.mjs"
      },
      "engines": {
        "node": ">=18"
      }
    }
  }
}
