{
  "name": "bdediteur",
  "lockfileVersion": 3,
  "requires": true,
  "packages": {
    "": {
      "name": "bdediteur",
      "devDependencies": {
        "pilote": "github:Hsbtqemy/pilote#b54d4269bf06687e6ee15943be633c3a3fc632a5"
      }
    },
    "node_modules/pilote": {
      "version": "0.1.0",
      "resolved": "git+ssh://git@github.com/Hsbtqemy/pilote.git#b54d4269bf06687e6ee15943be633c3a3fc632a5",
      "integrity": "sha512-CdvZPDgM0sgk0aAhcTKPoQzyw65Ha9OnnriUsFfY3lLzeSWZ5QX0LNVF5idQ5CojP1M0u5splWiBNAV2jdRcSQ==",
      "dev": true,
      "license": "MIT",
      "bin": {
        "pilote": "journal.mjs"
      },
      "engines": {
        "node": ">=18"
      }
    }
  }
}
